// !$*UTF8*$!
{
	archiveVersion = 1;
	classes = {
	};
	objectVersion = 51;
	objects = {

/* Begin PBXBuildFile section */
		5ED72D342610BFE900393588 /* GoogleSearch.swift in Sources */ = {isa = PBXBuildFile; fileRef = 5ED72D332610BFE900393588 /* GoogleSearch.swift */; };
		5ED72D372610D37D00393588 /* PokeTypes.swift in Sources */ = {isa = PBXBuildFile; fileRef = 5ED72D362610D37D00393588 /* PokeTypes.swift */; };
		5ED72D3A2610D91000393588 /* TypesViewController.swift in Sources */ = {isa = PBXBuildFile; fileRef = 5ED72D392610D91000393588 /* TypesViewController.swift */; };
		5ED72D3D2610DAD500393588 /* PokeTypesCell.swift in Sources */ = {isa = PBXBuildFile; fileRef = 5ED72D3C2610DAD500393588 /* PokeTypesCell.swift */; };
		5ED72D402610EB6800393588 /* PokeByType.swift in Sources */ = {isa = PBXBuildFile; fileRef = 5ED72D3F2610EB6800393588 /* PokeByType.swift */; };
		5ED72D43261231E100393588 /* DetailViewController.swift in Sources */ = {isa = PBXBuildFile; fileRef = 5ED72D42261231E100393588 /* DetailViewController.swift */; };
		5EE782B9260E4EC000B03616 /* PokeDetails.swift in Sources */ = {isa = PBXBuildFile; fileRef = 5EE782B8260E4EC000B03616 /* PokeDetails.swift */; };
		5EED5856260CC2E5007EB00D /* AppDelegate.swift in Sources */ = {isa = PBXBuildFile; fileRef = 5EED5855260CC2E5007EB00D /* AppDelegate.swift */; };
		5EED5858260CC2E5007EB00D /* SceneDelegate.swift in Sources */ = {isa = PBXBuildFile; fileRef = 5EED5857260CC2E5007EB00D /* SceneDelegate.swift */; };
		5EED585D260CC2E5007EB00D /* Main.storyboard in Resources */ = {isa = PBXBuildFile; fileRef = 5EED585B260CC2E5007EB00D /* Main.storyboard */; };
		5EED5860260CC2E5007EB00D /* PokeCards.xcdatamodeld in Sources */ = {isa = PBXBuildFile; fileRef = 5EED585E260CC2E5007EB00D /* PokeCards.xcdatamodeld */; };
		5EED5862260CC2E6007EB00D /* Assets.xcassets in Resources */ = {isa = PBXBuildFile; fileRef = 5EED5861260CC2E6007EB00D /* Assets.xcassets */; };
		5EED5865260CC2E6007EB00D /* LaunchScreen.storyboard in Resources */ = {isa = PBXBuildFile; fileRef = 5EED5863260CC2E6007EB00D /* LaunchScreen.storyboard */; };
		5EED5876260CCA7A007EB00D /* PokeCardsCollectionViewController.swift in Sources */ = {isa = PBXBuildFile; fileRef = 5EED5875260CCA7A007EB00D /* PokeCardsCollectionViewController.swift */; };
		5EED5879260CD1DA007EB00D /* PokeCardCell.swift in Sources */ = {isa = PBXBuildFile; fileRef = 5EED5878260CD1DA007EB00D /* PokeCardCell.swift */; };
		5EED587D260CE14D007EB00D /* Extensions.swift in Sources */ = {isa = PBXBuildFile; fileRef = 5EED587C260CE14D007EB00D /* Extensions.swift */; };
		5EED5881260CF145007EB00D /* APImanager.swift in Sources */ = {isa = PBXBuildFile; fileRef = 5EED5880260CF145007EB00D /* APImanager.swift */; };
		5EED588A260CF592007EB00D /* PokeDataModel.swift in Sources */ = {isa = PBXBuildFile; fileRef = 5EED5889260CF592007EB00D /* PokeDataModel.swift */; };
		C53CA3512318AB60CE111A74 /* Pods_PokeCards.framework in Frameworks */ = {isa = PBXBuildFile; fileRef = 7EE8F4B78742108757BC7A6C /* Pods_PokeCards.framework */; };
/* End PBXBuildFile section */

/* Begin PBXFileReference section */
		183A5BFF26234CC17C1FB3A1 /* Pods-PokeCards.release.xcconfig */ = {isa = PBXFileReference; includeInIndex = 1; lastKnownFileType = text.xcconfig; name = "Pods-PokeCards.release.xcconfig"; path = "Target Support Files/Pods-PokeCards/Pods-PokeCards.release.xcconfig"; sourceTree = "<group>"; };
		5ED72D332610BFE900393588 /* GoogleSearch.swift */ = {isa = PBXFileReference; lastKnownFileType = sourcecode.swift; path = GoogleSearch.swift; sourceTree = "<group>"; };
		5ED72D362610D37D00393588 /* PokeTypes.swift */ = {isa = PBXFileReference; lastKnownFileType = sourcecode.swift; path = PokeTypes.swift; sourceTree = "<group>"; };
		5ED72D392610D91000393588 /* TypesViewController.swift */ = {isa = PBXFileReference; lastKnownFileType = sourcecode.swift; path = TypesViewController.swift; sourceTree = "<group>"; };
		5ED72D3C2610DAD500393588 /* PokeTypesCell.swift */ = {isa = PBXFileReference; lastKnownFileType = sourcecode.swift; path = PokeTypesCell.swift; sourceTree = "<group>"; };
		5ED72D3F2610EB6800393588 /* PokeByType.swift */ = {isa = PBXFileReference; lastKnownFileType = sourcecode.swift; path = PokeByType.swift; sourceTree = "<group>"; };
		5ED72D42261231E100393588 /* DetailViewController.swift */ = {isa = PBXFileReference; lastKnownFileType = sourcecode.swift; path = DetailViewController.swift; sourceTree = "<group>"; };
		5EE782B8260E4EC000B03616 /* PokeDetails.swift */ = {isa = PBXFileReference; lastKnownFileType = sourcecode.swift; path = PokeDetails.swift; sourceTree = "<group>"; };
		5EED5852260CC2E5007EB00D /* PokeCards.app */ = {isa = PBXFileReference; explicitFileType = wrapper.application; includeInIndex = 0; path = PokeCards.app; sourceTree = BUILT_PRODUCTS_DIR; };
		5EED5855260CC2E5007EB00D /* AppDelegate.swift */ = {isa = PBXFileReference; lastKnownFileType = sourcecode.swift; path = AppDelegate.swift; sourceTree = "<group>"; };
		5EED5857260CC2E5007EB00D /* SceneDelegate.swift */ = {isa = PBXFileReference; lastKnownFileType = sourcecode.swift; path = SceneDelegate.swift; sourceTree = "<group>"; };
		5EED585C260CC2E5007EB00D /* Base */ = {isa = PBXFileReference; lastKnownFileType = file.storyboard; name = Base; path = Base.lproj/Main.storyboard; sourceTree = "<group>"; };
		5EED585F260CC2E5007EB00D /* PokeCards.xcdatamodel */ = {isa = PBXFileReference; lastKnownFileType = wrapper.xcdatamodel; path = PokeCards.xcdatamodel; sourceTree = "<group>"; };
		5EED5861260CC2E6007EB00D /* Assets.xcassets */ = {isa = PBXFileReference; lastKnownFileType = folder.assetcatalog; path = Assets.xcassets; sourceTree = "<group>"; };
		5EED5864260CC2E6007EB00D /* Base */ = {isa = PBXFileReference; lastKnownFileType = file.storyboard; name = Base; path = Base.lproj/LaunchScreen.storyboard; sourceTree = "<group>"; };
		5EED5866260CC2E6007EB00D /* Info.plist */ = {isa = PBXFileReference; lastKnownFileType = text.plist.xml; path = Info.plist; sourceTree = "<group>"; };
		5EED5875260CCA7A007EB00D /* PokeCardsCollectionViewController.swift */ = {isa = PBXFileReference; lastKnownFileType = sourcecode.swift; path = PokeCardsCollectionViewController.swift; sourceTree = "<group>"; };
		5EED5878260CD1DA007EB00D /* PokeCardCell.swift */ = {isa = PBXFileReference; lastKnownFileType = sourcecode.swift; path = PokeCardCell.swift; sourceTree = "<group>"; };
		5EED587C260CE14D007EB00D /* Extensions.swift */ = {isa = PBXFileReference; lastKnownFileType = sourcecode.swift; path = Extensions.swift; sourceTree = "<group>"; };
		5EED5880260CF145007EB00D /* APImanager.swift */ = {isa = PBXFileReference; lastKnownFileType = sourcecode.swift; path = APImanager.swift; sourceTree = "<group>"; };
		5EED5889260CF592007EB00D /* PokeDataModel.swift */ = {isa = PBXFileReference; lastKnownFileType = sourcecode.swift; path = PokeDataModel.swift; sourceTree = "<group>"; };
		7EE8F4B78742108757BC7A6C /* Pods_PokeCards.framework */ = {isa = PBXFileReference; explicitFileType = wrapper.framework; includeInIndex = 0; path = Pods_PokeCards.framework; sourceTree = BUILT_PRODUCTS_DIR; };
		9CE6B3929EBA22735DF26706 /* Pods-PokeCards.debug.xcconfig */ = {isa = PBXFileReference; includeInIndex = 1; lastKnownFileType = text.xcconfig; name = "Pods-PokeCards.debug.xcconfig"; path = "Target Support Files/Pods-PokeCards/Pods-PokeCards.debug.xcconfig"; sourceTree = "<group>"; };
/* End PBXFileReference section */

/* Begin PBXFrameworksBuildPhase section */
		5EED584F260CC2E5007EB00D /* Frameworks */ = {
			isa = PBXFrameworksBuildPhase;
			buildActionMask = 2147483647;
			files = (
				C53CA3512318AB60CE111A74 /* Pods_PokeCards.framework in Frameworks */,
			);
			runOnlyForDeploymentPostprocessing = 0;
		};
/* End PBXFrameworksBuildPhase section */

/* Begin PBXGroup section */
		1A848B5C0FADF19E1218D999 /* Pods */ = {
			isa = PBXGroup;
			children = (
				9CE6B3929EBA22735DF26706 /* Pods-PokeCards.debug.xcconfig */,
				183A5BFF26234CC17C1FB3A1 /* Pods-PokeCards.release.xcconfig */,
			);
			path = Pods;
			sourceTree = "<group>";
		};
		5EED5849260CC2E5007EB00D = {
			isa = PBXGroup;
			children = (
				5EED5854260CC2E5007EB00D /* PokeCards */,
				5EED5853260CC2E5007EB00D /* Products */,
				1A848B5C0FADF19E1218D999 /* Pods */,
				A37137E363E720DB628A7249 /* Frameworks */,
			);
			sourceTree = "<group>";
		};
		5EED5853260CC2E5007EB00D /* Products */ = {
			isa = PBXGroup;
			children = (
				5EED5852260CC2E5007EB00D /* PokeCards.app */,
			);
			name = Products;
			sourceTree = "<group>";
		};
		5EED5854260CC2E5007EB00D /* PokeCards */ = {
			isa = PBXGroup;
			children = (
				5EED587F260CF135007EB00D /* Services */,
				5EED587B260CE139007EB00D /* Utilities */,
				5EED5873260CC319007EB00D /* Views */,
				5EED5872260CC2FC007EB00D /* Model */,
				5EED5871260CC2FB007EB00D /* Cells */,
				5EED586D260CC2EB007EB00D /* Controllers */,
				5EED5855260CC2E5007EB00D /* AppDelegate.swift */,
				5EED5857260CC2E5007EB00D /* SceneDelegate.swift */,
				5EED585B260CC2E5007EB00D /* Main.storyboard */,
				5EED5861260CC2E6007EB00D /* Assets.xcassets */,
				5EED5863260CC2E6007EB00D /* LaunchScreen.storyboard */,
				5EED5866260CC2E6007EB00D /* Info.plist */,
				5EED585E260CC2E5007EB00D /* PokeCards.xcdatamodeld */,
			);
			path = PokeCards;
			sourceTree = "<group>";
		};
		5EED586D260CC2EB007EB00D /* Controllers */ = {
			isa = PBXGroup;
			children = (
				5EED5875260CCA7A007EB00D /* PokeCardsCollectionViewController.swift */,
				5ED72D392610D91000393588 /* TypesViewController.swift */,
				5ED72D42261231E100393588 /* DetailViewController.swift */,
			);
			path = Controllers;
			sourceTree = "<group>";
		};
		5EED5871260CC2FB007EB00D /* Cells */ = {
			isa = PBXGroup;
			children = (
				5EED5878260CD1DA007EB00D /* PokeCardCell.swift */,
				5ED72D3C2610DAD500393588 /* PokeTypesCell.swift */,
			);
			path = Cells;
			sourceTree = "<group>";
		};
		5EED5872260CC2FC007EB00D /* Model */ = {
			isa = PBXGroup;
			children = (
				5EED5889260CF592007EB00D /* PokeDataModel.swift */,
				5EE782B8260E4EC000B03616 /* PokeDetails.swift */,
				5ED72D332610BFE900393588 /* GoogleSearch.swift */,
				5ED72D362610D37D00393588 /* PokeTypes.swift */,
				5ED72D3F2610EB6800393588 /* PokeByType.swift */,
			);
			path = Model;
			sourceTree = "<group>";
		};
		5EED5873260CC319007EB00D /* Views */ = {
			isa = PBXGroup;
			children = (
			);
			path = Views;
			sourceTree = "<group>";
		};
		5EED587B260CE139007EB00D /* Utilities */ = {
			isa = PBXGroup;
			children = (
				5EED587C260CE14D007EB00D /* Extensions.swift */,
			);
			path = Utilities;
			sourceTree = "<group>";
		};
		5EED587F260CF135007EB00D /* Services */ = {
			isa = PBXGroup;
			children = (
				5EED5880260CF145007EB00D /* APImanager.swift */,
			);
			path = Services;
			sourceTree = "<group>";
		};
		A37137E363E720DB628A7249 /* Frameworks */ = {
			isa = PBXGroup;
			children = (
				7EE8F4B78742108757BC7A6C /* Pods_PokeCards.framework */,
			);
			name = Frameworks;
			sourceTree = "<group>";
		};
/* End PBXGroup section */

/* Begin PBXNativeTarget section */
		5EED5851260CC2E5007EB00D /* PokeCards */ = {
			isa = PBXNativeTarget;
			buildConfigurationList = 5EED5869260CC2E6007EB00D /* Build configuration list for PBXNativeTarget "PokeCards" */;
			buildPhases = (
				C81441AF992CA06D85A9222D /* [CP] Check Pods Manifest.lock */,
				5EED584E260CC2E5007EB00D /* Sources */,
				5EED584F260CC2E5007EB00D /* Frameworks */,
				5EED5850260CC2E5007EB00D /* Resources */,
				BF477C9ABF318875B903F78F /* [CP] Embed Pods Frameworks */,
			);
			buildRules = (
			);
			dependencies = (
			);
			name = PokeCards;
			productName = PokeCards;
			productReference = 5EED5852260CC2E5007EB00D /* PokeCards.app */;
			productType = "com.apple.product-type.application";
		};
/* End PBXNativeTarget section */

/* Begin PBXProject section */
		5EED584A260CC2E5007EB00D /* Project object */ = {
			isa = PBXProject;
			attributes = {
				LastSwiftUpdateCheck = 1240;
				LastUpgradeCheck = 1240;
				TargetAttributes = {
					5EED5851260CC2E5007EB00D = {
						CreatedOnToolsVersion = 12.4;
					};
				};
			};
			buildConfigurationList = 5EED584D260CC2E5007EB00D /* Build configuration list for PBXProject "PokeCards" */;
			compatibilityVersion = "Xcode 9.3";
			developmentRegion = en;
			hasScannedForEncodings = 0;
			knownRegions = (
				en,
				Base,
			);
			mainGroup = 5EED5849260CC2E5007EB00D;
			productRefGroup = 5EED5853260CC2E5007EB00D /* Products */;
			projectDirPath = "";
			projectRoot = "";
			targets = (
				5EED5851260CC2E5007EB00D /* PokeCards */,
			);
		};
/* End PBXProject section */

/* Begin PBXResourcesBuildPhase section */
		5EED5850260CC2E5007EB00D /* Resources */ = {
			isa = PBXResourcesBuildPhase;
			buildActionMask = 2147483647;
			files = (
				5EED5865260CC2E6007EB00D /* LaunchScreen.storyboard in Resources */,
				5EED5862260CC2E6007EB00D /* Assets.xcassets in Resources */,
				5EED585D260CC2E5007EB00D /* Main.storyboard in Resources */,
			);
			runOnlyForDeploymentPostprocessing = 0;
		};
/* End PBXResourcesBuildPhase section */

/* Begin PBXShellScriptBuildPhase section */
		BF477C9ABF318875B903F78F /* [CP] Embed Pods Frameworks */ = {
			isa = PBXShellScriptBuildPhase;
			buildActionMask = 2147483647;
			files = (
			);
			inputFileListPaths = (
				"${PODS_ROOT}/Target Support Files/Pods-PokeCards/Pods-PokeCards-frameworks-${CONFIGURATION}-input-files.xcfilelist",
			);
			name = "[CP] Embed Pods Frameworks";
			outputFileListPaths = (
				"${PODS_ROOT}/Target Support Files/Pods-PokeCards/Pods-PokeCards-frameworks-${CONFIGURATION}-output-files.xcfilelist",
			);
			runOnlyForDeploymentPostprocessing = 0;
			shellPath = /bin/sh;
			shellScript = "\"${PODS_ROOT}/Target Support Files/Pods-PokeCards/Pods-PokeCards-frameworks.sh\"\n";
			showEnvVarsInLog = 0;
		};
		C81441AF992CA06D85A9222D /* [CP] Check Pods Manifest.lock */ = {
			isa = PBXShellScriptBuildPhase;
			buildActionMask = 2147483647;
			files = (
			);
			inputFileListPaths = (
			);
			inputPaths = (
				"${PODS_PODFILE_DIR_PATH}/Podfile.lock",
				"${PODS_ROOT}/Manifest.lock",
			);
			name = "[CP] Check Pods Manifest.lock";
			outputFileListPaths = (
			);
			outputPaths = (
				"$(DERIVED_FILE_DIR)/Pods-PokeCards-checkManifestLockResult.txt",
			);
			runOnlyForDeploymentPostprocessing = 0;
			shellPath = /bin/sh;
			shellScript = "diff \"${PODS_PODFILE_DIR_PATH}/Podfile.lock\" \"${PODS_ROOT}/Manifest.lock\" > /dev/null\nif [ $? != 0 ] ; then\n    # print error to STDERR\n    echo \"error: The sandbox is not in sync with the Podfile.lock. Run 'pod install' or update your CocoaPods installation.\" >&2\n    exit 1\nfi\n# This output is used by Xcode 'outputs' to avoid re-running this script phase.\necho \"SUCCESS\" > \"${SCRIPT_OUTPUT_FILE_0}\"\n";
			showEnvVarsInLog = 0;
		};
/* End PBXShellScriptBuildPhase section */

/* Begin PBXSourcesBuildPhase section */
		5EED584E260CC2E5007EB00D /* Sources */ = {
			isa = PBXSourcesBuildPhase;
			buildActionMask = 2147483647;
			files = (
				5ED72D372610D37D00393588 /* PokeTypes.swift in Sources */,
				5EED588A260CF592007EB00D /* PokeDataModel.swift in Sources */,
				5EED5856260CC2E5007EB00D /* AppDelegate.swift in Sources */,
				5EED587D260CE14D007EB00D /* Extensions.swift in Sources */,
				5EED5876260CCA7A007EB00D /* PokeCardsCollectionViewController.swift in Sources */,
				5ED72D402610EB6800393588 /* PokeByType.swift in Sources */,
				5EE782B9260E4EC000B03616 /* PokeDetails.swift in Sources */,
				5EED5881260CF145007EB00D /* APImanager.swift in Sources */,
				5ED72D3D2610DAD500393588 /* PokeTypesCell.swift in Sources */,
				5ED72D342610BFE900393588 /* GoogleSearch.swift in Sources */,
				5ED72D3A2610D91000393588 /* TypesViewController.swift in Sources */,
				5EED5860260CC2E5007EB00D /* PokeCards.xcdatamodeld in Sources */,
				5ED72D43261231E100393588 /* DetailViewController.swift in Sources */,
				5EED5879260CD1DA007EB00D /* PokeCardCell.swift in Sources */,
				5EED5858260CC2E5007EB00D /* SceneDelegate.swift in Sources */,
			);
			runOnlyForDeploymentPostprocessing = 0;
		};
/* End PBXSourcesBuildPhase section */

/* Begin PBXVariantGroup section */
		5EED585B260CC2E5007EB00D /* Main.storyboard */ = {
			isa = PBXVariantGroup;
			children = (
				5EED585C260CC2E5007EB00D /* Base */,
			);
			name = Main.storyboard;
			sourceTree = "<group>";
		};
		5EED5863260CC2E6007EB00D /* LaunchScreen.storyboard */ = {
			isa = PBXVariantGroup;
			children = (
				5EED5864260CC2E6007EB00D /* Base */,
			);
			name = LaunchScreen.storyboard;
			sourceTree = "<group>";
		};
/* End PBXVariantGroup section */

/* Begin XCBuildConfiguration section */
		5EED5867260CC2E6007EB00D /* Debug */ = {
			isa = XCBuildConfiguration;
			buildSettings = {
				ALWAYS_SEARCH_USER_PATHS = NO;
				CLANG_ANALYZER_NONNULL = YES;
				CLANG_ANALYZER_NUMBER_OBJECT_CONVERSION = YES_AGGRESSIVE;
				CLANG_CXX_LANGUAGE_STANDARD = "gnu++14";
				CLANG_CXX_LIBRARY = "libc++";
				CLANG_ENABLE_MODULES = YES;
				CLANG_ENABLE_OBJC_ARC = YES;
				CLANG_ENABLE_OBJC_WEAK = YES;
				CLANG_WARN_BLOCK_CAPTURE_AUTORELEASING = YES;
				CLANG_WARN_BOOL_CONVERSION = YES;
				CLANG_WARN_COMMA = YES;
				CLANG_WARN_CONSTANT_CONVERSION = YES;
				CLANG_WARN_DEPRECATED_OBJC_IMPLEMENTATIONS = YES;
				CLANG_WARN_DIRECT_OBJC_ISA_USAGE = YES_ERROR;
				CLANG_WARN_DOCUMENTATION_COMMENTS = YES;
				CLANG_WARN_EMPTY_BODY = YES;
				CLANG_WARN_ENUM_CONVERSION = YES;
				CLANG_WARN_INFINITE_RECURSION = YES;
				CLANG_WARN_INT_CONVERSION = YES;
				CLANG_WARN_NON_LITERAL_NULL_CONVERSION = YES;
				CLANG_WARN_OBJC_IMPLICIT_RETAIN_SELF = YES;
				CLANG_WARN_OBJC_LITERAL_CONVERSION = YES;
				CLANG_WARN_OBJC_ROOT_CLASS = YES_ERROR;
				CLANG_WARN_QUOTED_INCLUDE_IN_FRAMEWORK_HEADER = YES;
				CLANG_WARN_RANGE_LOOP_ANALYSIS = YES;
				CLANG_WARN_STRICT_PROTOTYPES = YES;
				CLANG_WARN_SUSPICIOUS_MOVE = YES;
				CLANG_WARN_UNGUARDED_AVAILABILITY = YES_AGGRESSIVE;
				CLANG_WARN_UNREACHABLE_CODE = YES;
				CLANG_WARN__DUPLICATE_METHOD_MATCH = YES;
				COPY_PHASE_STRIP = NO;
				DEBUG_INFORMATION_FORMAT = dwarf;
				ENABLE_STRICT_OBJC_MSGSEND = YES;
				ENABLE_TESTABILITY = YES;
				GCC_C_LANGUAGE_STANDARD = gnu11;
				GCC_DYNAMIC_NO_PIC = NO;
				GCC_NO_COMMON_BLOCKS = YES;
				GCC_OPTIMIZATION_LEVEL = 0;
				GCC_PREPROCESSOR_DEFINITIONS = (
					"DEBUG=1",
					"$(inherited)",
				);
				GCC_WARN_64_TO_32_BIT_CONVERSION = YES;
				GCC_WARN_ABOUT_RETURN_TYPE = YES_ERROR;
				GCC_WARN_UNDECLARED_SELECTOR = YES;
				GCC_WARN_UNINITIALIZED_AUTOS = YES_AGGRESSIVE;
				GCC_WARN_UNUSED_FUNCTION = YES;
				GCC_WARN_UNUSED_VARIABLE = YES;
				IPHONEOS_DEPLOYMENT_TARGET = 14.4;
				MTL_ENABLE_DEBUG_INFO = INCLUDE_SOURCE;
				MTL_FAST_MATH = YES;
				ONLY_ACTIVE_ARCH = YES;
				SDKROOT = iphoneos;
				SWIFT_ACTIVE_COMPILATION_CONDITIONS = DEBUG;
				SWIFT_OPTIMIZATION_LEVEL = "-Onone";
			};
			name = Debug;
		};
		5EED5868260CC2E6007EB00D /* Release */ = {
			isa = XCBuildConfiguration;
			buildSettings = {
				ALWAYS_SEARCH_USER_PATHS = NO;
				CLANG_ANALYZER_NONNULL = YES;
				CLANG_ANALYZER_NUMBER_OBJECT_CONVERSION = YES_AGGRESSIVE;
				CLANG_CXX_LANGUAGE_STANDARD = "gnu++14";
				CLANG_CXX_LIBRARY = "libc++";
				CLANG_ENABLE_MODULES = YES;
				CLANG_ENABLE_OBJC_ARC = YES;
				CLANG_ENABLE_OBJC_WEAK = YES;
				CLANG_WARN_BLOCK_CAPTURE_AUTORELEASING = YES;
				CLANG_WARN_BOOL_CONVERSION = YES;
				CLANG_WARN_COMMA = YES;
				CLANG_WARN_CONSTANT_CONVERSION = YES;
				CLANG_WARN_DEPRECATED_OBJC_IMPLEMENTATIONS = YES;
				CLANG_WARN_DIRECT_OBJC_ISA_USAGE = YES_ERROR;
				CLANG_WARN_DOCUMENTATION_COMMENTS = YES;
				CLANG_WARN_EMPTY_BODY = YES;
				CLANG_WARN_ENUM_CONVERSION = YES;
				CLANG_WARN_INFINITE_RECURSION = YES;
				CLANG_WARN_INT_CONVERSION = YES;
				CLANG_WARN_NON_LITERAL_NULL_CONVERSION = YES;
				CLANG_WARN_OBJC_IMPLICIT_RETAIN_SELF = YES;
				CLANG_WARN_OBJC_LITERAL_CONVERSION = YES;
				CLANG_WARN_OBJC_ROOT_CLASS = YES_ERROR;
				CLANG_WARN_QUOTED_INCLUDE_IN_FRAMEWORK_HEADER = YES;
				CLANG_WARN_RANGE_LOOP_ANALYSIS = YES;
				CLANG_WARN_STRICT_PROTOTYPES = YES;
				CLANG_WARN_SUSPICIOUS_MOVE = YES;
				CLANG_WARN_UNGUARDED_AVAILABILITY = YES_AGGRESSIVE;
				CLANG_WARN_UNREACHABLE_CODE = YES;
				CLANG_WARN__DUPLICATE_METHOD_MATCH = YES;
				COPY_PHASE_STRIP = NO;
				DEBUG_INFORMATION_FORMAT = "dwarf-with-dsym";
				ENABLE_NS_ASSERTIONS = NO;
				ENABLE_STRICT_OBJC_MSGSEND = YES;
				GCC_C_LANGUAGE_STANDARD = gnu11;
				GCC_NO_COMMON_BLOCKS = YES;
				GCC_WARN_64_TO_32_BIT_CONVERSION = YES;
				GCC_WARN_ABOUT_RETURN_TYPE = YES_ERROR;
				GCC_WARN_UNDECLARED_SELECTOR = YES;
				GCC_WARN_UNINITIALIZED_AUTOS = YES_AGGRESSIVE;
				GCC_WARN_UNUSED_FUNCTION = YES;
				GCC_WARN_UNUSED_VARIABLE = YES;
				IPHONEOS_DEPLOYMENT_TARGET = 14.4;
				MTL_ENABLE_DEBUG_INFO = NO;
				MTL_FAST_MATH = YES;
				SDKROOT = iphoneos;
				SWIFT_COMPILATION_MODE = wholemodule;
				SWIFT_OPTIMIZATION_LEVEL = "-O";
				VALIDATE_PRODUCT = YES;
			};
			name = Release;
		};
		5EED586A260CC2E6007EB00D /* Debug */ = {
			isa = XCBuildConfiguration;
			baseConfigurationReference = 9CE6B3929EBA22735DF26706 /* Pods-PokeCards.debug.xcconfig */;
			buildSettings = {
				ASSETCATALOG_COMPILER_APPICON_NAME = AppIcon;
				ASSETCATALOG_COMPILER_GLOBAL_ACCENT_COLOR_NAME = AccentColor;
				CODE_SIGN_STYLE = Automatic;
				INFOPLIST_FILE = PokeCards/Info.plist;
				LD_RUNPATH_SEARCH_PATHS = (
					"$(inherited)",
					"@executable_path/Frameworks",
				);
				PRODUCT_BUNDLE_IDENTIFIER = VM.PokeCards;
				PRODUCT_NAME = "$(TARGET_NAME)";
				SWIFT_VERSION = 5.0;
				TARGETED_DEVICE_FAMILY = "1,2";
			};
			name = Debug;
		};
		5EED586B260CC2E6007EB00D /* Release */ = {
			isa = XCBuildConfiguration;
			baseConfigurationReference = 183A5BFF26234CC17C1FB3A1 /* Pods-PokeCards.release.xcconfig */;
			buildSettings = {
				ASSETCATALOG_COMPILER_APPICON_NAME = AppIcon;
				ASSETCATALOG_COMPILER_GLOBAL_ACCENT_COLOR_NAME = AccentColor;
				CODE_SIGN_STYLE = Automatic;
				INFOPLIST_FILE = PokeCards/Info.plist;
				LD_RUNPATH_SEARCH_PATHS = (
					"$(inherited)",
					"@executable_path/Frameworks",
				);
				PRODUCT_BUNDLE_IDENTIFIER = VM.PokeCards;
				PRODUCT_NAME = "$(TARGET_NAME)";
				SWIFT_VERSION = 5.0;
				TARGETED_DEVICE_FAMILY = "1,2";
			};
			name = Release;
		};
/* End XCBuildConfiguration section */

/* Begin XCConfigurationList section */
		5EED584D260CC2E5007EB00D /* Build configuration list for PBXProject "PokeCards" */ = {
			isa = XCConfigurationList;
			buildConfigurations = (
				5EED5867260CC2E6007EB00D /* Debug */,
				5EED5868260CC2E6007EB00D /* Release */,
			);
			defaultConfigurationIsVisible = 0;
			defaultConfigurationName = Release;
		};
		5EED5869260CC2E6007EB00D /* Build configuration list for PBXNativeTarget "PokeCards" */ = {
			isa = XCConfigurationList;
			buildConfigurations = (
				5EED586A260CC2E6007EB00D /* Debug */,
				5EED586B260CC2E6007EB00D /* Release */,
			);
			defaultConfigurationIsVisible = 0;
			defaultConfigurationName = Release;
		};
/* End XCConfigurationList section */

/* Begin XCVersionGroup section */
		5EED585E260CC2E5007EB00D /* PokeCards.xcdatamodeld */ = {
			isa = XCVersionGroup;
			children = (
				5EED585F260CC2E5007EB00D /* PokeCards.xcdatamodel */,
			);
			currentVersion = 5EED585F260CC2E5007EB00D /* PokeCards.xcdatamodel */;
			path = PokeCards.xcdatamodeld;
			sourceTree = "<group>";
			versionGroupType = wrapper.xcdatamodel;
		};
/* End XCVersionGroup section */
	};
	rootObject = 5EED584A260CC2E5007EB00D /* Project object */;
}
